# This file is autogenerated, do not edit; changes may be undone by the next 'dep ensure'.


[[projects]]
  name = "github.com/go-redis/redis"
  packages = [
    ".",
    "internal",
    "internal/consistenthash",
    "internal/hashtag",
    "internal/pool",
    "internal/proto",
    "internal/singleflight",
    "internal/util"
  ]
  revision = "877867d2845fbaf86798befe410b6ceb6f5c29a3"
  version = "v6.10.2"

[[projects]]
  branch = "master"
  name = "github.com/goodstemy/w3"
  packages = [
    ".",
    "complex/types",
    "constants",
    "dto",
    "eth",
    "eth/block",
    "net",
    "personal",
    "providers",
    "providers/util",
    "utils"
  ]
  revision = "b1fdd0de833e5fd256a7159fa1cee1bb129de1f5"

[[projects]]
  branch = "master"
  name = "golang.org/x/net"
  packages = ["websocket"]
  revision = "6078986fec03a1dcc236c34816c71b0e05018fda"

[solve-meta]
  analyzer-name = "dep"
  analyzer-version = 1
  inputs-digest = "d0dfe759eb5d3195bb768238fb0aeb00343c3c03f615babef23de20a84719cdb"
  solver-name = "gps-cdcl"
  solver-version = 1
